
Microsoft Visual Studio Solution File, Format Version 12.00
# Visual Studio Version 16
VisualStudioVersion = 16.0.31205.134
MinimumVisualStudioVersion = 10.0.40219.1
Project("{9A19103F-16F7-4668-BE54-9A1E7A4F7556}") = "maple", "maple.csproj", "{ECAACB82-9685-4535-9CD1-E5E293FAE63E}"
EndProject
Global
	GlobalSection(SolutionConfigurationPlatforms) = preSolution
		Debug|Any CPU = Debug|Any CPU
		Release|Any CPU = Release|Any CPU
	EndGlobalSection
	GlobalSection(ProjectConfigurationPlatforms) = postSolution
		{ECAACB82-9685-4535-9CD1-E5E293FAE63E}.Debug|Any CPU.ActiveCfg = Debug|Any CPU
		{ECAACB82-9685-4535-9CD1-E5E293FAE63E}.Debug|Any CPU.Build.0 = Debug|Any CPU
		{ECAACB82-9685-4535-9CD1-E5E293FAE63E}.Release|Any CPU.ActiveCfg = Release|Any CPU
		{ECAACB82-9685-4535-9CD1-E5E293FAE63E}.Release|Any CPU.Build.0 = Release|Any CPU
	EndGlobalSection
	GlobalSection(SolutionProperties) = preSolution
		HideSolutionNode = FALSE
	EndGlobalSection
	GlobalSection(ExtensibilityGlobals) = postSolution
		SolutionGuid = {399A864F-A7E6-4C22-837E-EF1BB2BC713D}
	EndGlobalSection
EndGlobal
